PODS:
  - freewheel (2)
  - MyLibrary (0.1.0):
    - freewheel (= 2)

DEPENDENCIES:
  - freewheel (from `../`)
  - MyLibrary (from `./MyLibrary`)

EXTERNAL SOURCES:
  freewheel:
    :path: "../"
  MyLibrary:
    :path: "./MyLibrary"

SPEC CHECKSUMS:
  freewheel: 0b150b009320ead3b3d4c53e3bf38d0517c590e3
  MyLibrary: c6eb583f7f8ec88407942551914939ee07f79b6e

PODFILE CHECKSUM: 4648e51bd8e929625ed601434d6bc17fb9627e39

COCOAPODS: 1.10.0
