// !$*UTF8*$!
{
	archiveVersion = 1;
	classes = {
	};
	objectVersion = 50;
	objects = {

/* Begin PBXBuildFile section */
		442EFE212B1848D972A0EDE7 /* Pods_Example_tvOS.framework in Frameworks */ = {isa = PBXBuildFile; fileRef = 8605B93C675567F835FA9128 /* Pods_Example_tvOS.framework */; };
		49F9D71CD18E37EEB4D2B96B /* Pods_Example.framework in Frameworks */ = {isa = PBXBuildFile; fileRef = 8962F6FF12BCF9DFA274EFB6 /* Pods_Example.framework */; };
		F54E28F9255EAB4F001EFF95 /* AppDelegate.swift in Sources */ = {isa = PBXBuildFile; fileRef = F54E28F8255EAB4F001EFF95 /* AppDelegate.swift */; };
		F54E28FD255EAB4F001EFF95 /* ViewController.swift in Sources */ = {isa = PBXBuildFile; fileRef = F54E28FC255EAB4F001EFF95 /* ViewController.swift */; };
		F54E2900255EAB4F001EFF95 /* Main.storyboard in Resources */ = {isa = PBXBuildFile; fileRef = F54E28FE255EAB4F001EFF95 /* Main.storyboard */; };
		F54E2902255EAB51001EFF95 /* Assets.xcassets in Resources */ = {isa = PBXBuildFile; fileRef = F54E2901255EAB51001EFF95 /* Assets.xcassets */; };
		F54E2905255EAB51001EFF95 /* LaunchScreen.storyboard in Resources */ = {isa = PBXBuildFile; fileRef = F54E2903255EAB51001EFF95 /* LaunchScreen.storyboard */; };
		F57D2708255EF896000FB295 /* AppDelegate.swift in Sources */ = {isa = PBXBuildFile; fileRef = F57D2707255EF896000FB295 /* AppDelegate.swift */; };
		F57D270A255EF896000FB295 /* ViewController.swift in Sources */ = {isa = PBXBuildFile; fileRef = F57D2709255EF896000FB295 /* ViewController.swift */; };
		F57D270D255EF896000FB295 /* Main.storyboard in Resources */ = {isa = PBXBuildFile; fileRef = F57D270B255EF896000FB295 /* Main.storyboard */; };
		F57D270F255EF897000FB295 /* Assets.xcassets in Resources */ = {isa = PBXBuildFile; fileRef = F57D270E255EF897000FB295 /* Assets.xcassets */; };
		F57D2712255EF897000FB295 /* LaunchScreen.storyboard in Resources */ = {isa = PBXBuildFile; fileRef = F57D2710255EF897000FB295 /* LaunchScreen.storyboard */; };
/* End PBXBuildFile section */

/* Begin PBXFileReference section */
		0489A82F69C4EDDBE7876121 /* Pods-Example.debug.xcconfig */ = {isa = PBXFileReference; includeInIndex = 1; lastKnownFileType = text.xcconfig; name = "Pods-Example.debug.xcconfig"; path = "Target Support Files/Pods-Example/Pods-Example.debug.xcconfig"; sourceTree = "<group>"; };
		230D125FF5B42D66C233B359 /* Pods-Example-tvOS.release.xcconfig */ = {isa = PBXFileReference; includeInIndex = 1; lastKnownFileType = text.xcconfig; name = "Pods-Example-tvOS.release.xcconfig"; path = "Target Support Files/Pods-Example-tvOS/Pods-Example-tvOS.release.xcconfig"; sourceTree = "<group>"; };
		8605B93C675567F835FA9128 /* Pods_Example_tvOS.framework */ = {isa = PBXFileReference; explicitFileType = wrapper.framework; includeInIndex = 0; path = Pods_Example_tvOS.framework; sourceTree = BUILT_PRODUCTS_DIR; };
		8962F6FF12BCF9DFA274EFB6 /* Pods_Example.framework */ = {isa = PBXFileReference; explicitFileType = wrapper.framework; includeInIndex = 0; path = Pods_Example.framework; sourceTree = BUILT_PRODUCTS_DIR; };
		8EF4562FC4FB2F6989F17E13 /* Pods-Example-tvOS.debug.xcconfig */ = {isa = PBXFileReference; includeInIndex = 1; lastKnownFileType = text.xcconfig; name = "Pods-Example-tvOS.debug.xcconfig"; path = "Target Support Files/Pods-Example-tvOS/Pods-Example-tvOS.debug.xcconfig"; sourceTree = "<group>"; };
		D1EF7EC76EFDA6D6E2B8A2F2 /* Pods-Example.release.xcconfig */ = {isa = PBXFileReference; includeInIndex = 1; lastKnownFileType = text.xcconfig; name = "Pods-Example.release.xcconfig"; path = "Target Support Files/Pods-Example/Pods-Example.release.xcconfig"; sourceTree = "<group>"; };
		F54E28F5255EAB4F001EFF95 /* Example.app */ = {isa = PBXFileReference; explicitFileType = wrapper.application; includeInIndex = 0; path = Example.app; sourceTree = BUILT_PRODUCTS_DIR; };
		F54E28F8255EAB4F001EFF95 /* AppDelegate.swift */ = {isa = PBXFileReference; lastKnownFileType = sourcecode.swift; path = AppDelegate.swift; sourceTree = "<group>"; };
		F54E28FC255EAB4F001EFF95 /* ViewController.swift */ = {isa = PBXFileReference; lastKnownFileType = sourcecode.swift; path = ViewController.swift; sourceTree = "<group>"; };
		F54E28FF255EAB4F001EFF95 /* Base */ = {isa = PBXFileReference; lastKnownFileType = file.storyboard; name = Base; path = Base.lproj/Main.storyboard; sourceTree = "<group>"; };
		F54E2901255EAB51001EFF95 /* Assets.xcassets */ = {isa = PBXFileReference; lastKnownFileType = folder.assetcatalog; path = Assets.xcassets; sourceTree = "<group>"; };
		F54E2904255EAB51001EFF95 /* Base */ = {isa = PBXFileReference; lastKnownFileType = file.storyboard; name = Base; path = Base.lproj/LaunchScreen.storyboard; sourceTree = "<group>"; };
		F54E2906255EAB51001EFF95 /* Info.plist */ = {isa = PBXFileReference; lastKnownFileType = text.plist.xml; path = Info.plist; sourceTree = "<group>"; };
		F57D2705255EF896000FB295 /* Example-tvOS.app */ = {isa = PBXFileReference; explicitFileType = wrapper.application; includeInIndex = 0; path = "Example-tvOS.app"; sourceTree = BUILT_PRODUCTS_DIR; };
		F57D2707255EF896000FB295 /* AppDelegate.swift */ = {isa = PBXFileReference; lastKnownFileType = sourcecode.swift; path = AppDelegate.swift; sourceTree = "<group>"; };
		F57D2709255EF896000FB295 /* ViewController.swift */ = {isa = PBXFileReference; lastKnownFileType = sourcecode.swift; path = ViewController.swift; sourceTree = "<group>"; };
		F57D270C255EF896000FB295 /* Base */ = {isa = PBXFileReference; lastKnownFileType = file.storyboard; name = Base; path = Base.lproj/Main.storyboard; sourceTree = "<group>"; };
		F57D270E255EF897000FB295 /* Assets.xcassets */ = {isa = PBXFileReference; lastKnownFileType = folder.assetcatalog; path = Assets.xcassets; sourceTree = "<group>"; };
		F57D2711255EF897000FB295 /* Base */ = {isa = PBXFileReference; lastKnownFileType = file.storyboard; name = Base; path = Base.lproj/LaunchScreen.storyboard; sourceTree = "<group>"; };
		F57D2713255EF897000FB295 /* Info.plist */ = {isa = PBXFileReference; lastKnownFileType = text.plist.xml; path = Info.plist; sourceTree = "<group>"; };
/* End PBXFileReference section */

/* Begin PBXFrameworksBuildPhase section */
		F54E28F2255EAB4F001EFF95 /* Frameworks */ = {
			isa = PBXFrameworksBuildPhase;
			buildActionMask = 2147483647;
			files = (
				49F9D71CD18E37EEB4D2B96B /* Pods_Example.framework in Frameworks */,
			);
			runOnlyForDeploymentPostprocessing = 0;
		};
		F57D2702255EF896000FB295 /* Frameworks */ = {
			isa = PBXFrameworksBuildPhase;
			buildActionMask = 2147483647;
			files = (
				442EFE212B1848D972A0EDE7 /* Pods_Example_tvOS.framework in Frameworks */,
			);
			runOnlyForDeploymentPostprocessing = 0;
		};
/* End PBXFrameworksBuildPhase section */

/* Begin PBXGroup section */
		35175B386D025077478D4F2A /* Frameworks */ = {
			isa = PBXGroup;
			children = (
				8962F6FF12BCF9DFA274EFB6 /* Pods_Example.framework */,
				8605B93C675567F835FA9128 /* Pods_Example_tvOS.framework */,
			);
			name = Frameworks;
			sourceTree = "<group>";
		};
		F09A0F060BF0CBC85DB29654 /* Pods */ = {
			isa = PBXGroup;
			children = (
				0489A82F69C4EDDBE7876121 /* Pods-Example.debug.xcconfig */,
				D1EF7EC76EFDA6D6E2B8A2F2 /* Pods-Example.release.xcconfig */,
				8EF4562FC4FB2F6989F17E13 /* Pods-Example-tvOS.debug.xcconfig */,
				230D125FF5B42D66C233B359 /* Pods-Example-tvOS.release.xcconfig */,
			);
			path = Pods;
			sourceTree = "<group>";
		};
		F54E28EC255EAB4F001EFF95 = {
			isa = PBXGroup;
			children = (
				F54E28F7255EAB4F001EFF95 /* Example */,
				F57D2706255EF896000FB295 /* Example-tvOS */,
				F54E28F6255EAB4F001EFF95 /* Products */,
				F09A0F060BF0CBC85DB29654 /* Pods */,
				35175B386D025077478D4F2A /* Frameworks */,
			);
			sourceTree = "<group>";
		};
		F54E28F6255EAB4F001EFF95 /* Products */ = {
			isa = PBXGroup;
			children = (
				F54E28F5255EAB4F001EFF95 /* Example.app */,
				F57D2705255EF896000FB295 /* Example-tvOS.app */,
			);
			name = Products;
			sourceTree = "<group>";
		};
		F54E28F7255EAB4F001EFF95 /* Example */ = {
			isa = PBXGroup;
			children = (
				F54E28F8255EAB4F001EFF95 /* AppDelegate.swift */,
				F54E28FC255EAB4F001EFF95 /* ViewController.swift */,
				F54E28FE255EAB4F001EFF95 /* Main.storyboard */,
				F54E2901255EAB51001EFF95 /* Assets.xcassets */,
				F54E2903255EAB51001EFF95 /* LaunchScreen.storyboard */,
				F54E2906255EAB51001EFF95 /* Info.plist */,
			);
			path = Example;
			sourceTree = "<group>";
		};
		F57D2706255EF896000FB295 /* Example-tvOS */ = {
			isa = PBXGroup;
			children = (
				F57D2707255EF896000FB295 /* AppDelegate.swift */,
				F57D2709255EF896000FB295 /* ViewController.swift */,
				F57D270B255EF896000FB295 /* Main.storyboard */,
				F57D270E255EF897000FB295 /* Assets.xcassets */,
				F57D2710255EF897000FB295 /* LaunchScreen.storyboard */,
				F57D2713255EF897000FB295 /* Info.plist */,
			);
			path = "Example-tvOS";
			sourceTree = "<group>";
		};
/* End PBXGroup section */

/* Begin PBXNativeTarget section */
		F54E28F4255EAB4F001EFF95 /* Example */ = {
			isa = PBXNativeTarget;
			buildConfigurationList = F54E2909255EAB51001EFF95 /* Build configuration list for PBXNativeTarget "Example" */;
			buildPhases = (
				DF76CE4A461FBE172E6B4FC6 /* [CP] Check Pods Manifest.lock */,
				F54E28F1255EAB4F001EFF95 /* Sources */,
				F54E28F2255EAB4F001EFF95 /* Frameworks */,
				F54E28F3255EAB4F001EFF95 /* Resources */,
				AF6137D6ED3029DB8AE98889 /* [CP] Embed Pods Frameworks */,
			);
			buildRules = (
			);
			dependencies = (
			);
			name = Example;
			productName = Example;
			productReference = F54E28F5255EAB4F001EFF95 /* Example.app */;
			productType = "com.apple.product-type.application";
		};
		F57D2704255EF896000FB295 /* Example-tvOS */ = {
			isa = PBXNativeTarget;
			buildConfigurationList = F57D2716255EF897000FB295 /* Build configuration list for PBXNativeTarget "Example-tvOS" */;
			buildPhases = (
				25DC75658943ADB607361A52 /* [CP] Check Pods Manifest.lock */,
				F57D2701255EF896000FB295 /* Sources */,
				F57D2702255EF896000FB295 /* Frameworks */,
				F57D2703255EF896000FB295 /* Resources */,
				0B4F60C7BBC87424C83BB2AC /* [CP] Embed Pods Frameworks */,
			);
			buildRules = (
			);
			dependencies = (
			);
			name = "Example-tvOS";
			productName = "Example-tvOS";
			productReference = F57D2705255EF896000FB295 /* Example-tvOS.app */;
			productType = "com.apple.product-type.application";
		};
/* End PBXNativeTarget section */

/* Begin PBXProject section */
		F54E28ED255EAB4F001EFF95 /* Project object */ = {
			isa = PBXProject;
			attributes = {
				LastSwiftUpdateCheck = 1170;
				LastUpgradeCheck = 1170;
				ORGANIZATIONNAME = "François Rouault";
				TargetAttributes = {
					F54E28F4255EAB4F001EFF95 = {
						CreatedOnToolsVersion = 11.7;
					};
					F57D2704255EF896000FB295 = {
						CreatedOnToolsVersion = 11.7;
					};
				};
			};
			buildConfigurationList = F54E28F0255EAB4F001EFF95 /* Build configuration list for PBXProject "Example" */;
			compatibilityVersion = "Xcode 9.3";
			developmentRegion = en;
			hasScannedForEncodings = 0;
			knownRegions = (
				en,
				Base,
			);
			mainGroup = F54E28EC255EAB4F001EFF95;
			productRefGroup = F54E28F6255EAB4F001EFF95 /* Products */;
			projectDirPath = "";
			projectRoot = "";
			targets = (
				F54E28F4255EAB4F001EFF95 /* Example */,
				F57D2704255EF896000FB295 /* Example-tvOS */,
			);
		};
/* End PBXProject section */

/* Begin PBXResourcesBuildPhase section */
		F54E28F3255EAB4F001EFF95 /* Resources */ = {
			isa = PBXResourcesBuildPhase;
			buildActionMask = 2147483647;
			files = (
				F54E2905255EAB51001EFF95 /* LaunchScreen.storyboard in Resources */,
				F54E2902255EAB51001EFF95 /* Assets.xcassets in Resources */,
				F54E2900255EAB4F001EFF95 /* Main.storyboard in Resources */,
			);
			runOnlyForDeploymentPostprocessing = 0;
		};
		F57D2703255EF896000FB295 /* Resources */ = {
			isa = PBXResourcesBuildPhase;
			buildActionMask = 2147483647;
			files = (
				F57D2712255EF897000FB295 /* LaunchScreen.storyboard in Resources */,
				F57D270F255EF897000FB295 /* Assets.xcassets in Resources */,
				F57D270D255EF896000FB295 /* Main.storyboard in Resources */,
			);
			runOnlyForDeploymentPostprocessing = 0;
		};
/* End PBXResourcesBuildPhase section */

/* Begin PBXShellScriptBuildPhase section */
		0B4F60C7BBC87424C83BB2AC /* [CP] Embed Pods Frameworks */ = {
			isa = PBXShellScriptBuildPhase;
			buildActionMask = 2147483647;
			files = (
			);
			inputFileListPaths = (
				"${PODS_ROOT}/Target Support Files/Pods-Example-tvOS/Pods-Example-tvOS-frameworks-${CONFIGURATION}-input-files.xcfilelist",
			);
			name = "[CP] Embed Pods Frameworks";
			outputFileListPaths = (
				"${PODS_ROOT}/Target Support Files/Pods-Example-tvOS/Pods-Example-tvOS-frameworks-${CONFIGURATION}-output-files.xcfilelist",
			);
			runOnlyForDeploymentPostprocessing = 0;
			shellPath = /bin/sh;
			shellScript = "\"${PODS_ROOT}/Target Support Files/Pods-Example-tvOS/Pods-Example-tvOS-frameworks.sh\"\n";
			showEnvVarsInLog = 0;
		};
		25DC75658943ADB607361A52 /* [CP] Check Pods Manifest.lock */ = {
			isa = PBXShellScriptBuildPhase;
			buildActionMask = 2147483647;
			files = (
			);
			inputFileListPaths = (
			);
			inputPaths = (
				"${PODS_PODFILE_DIR_PATH}/Podfile.lock",
				"${PODS_ROOT}/Manifest.lock",
			);
			name = "[CP] Check Pods Manifest.lock";
			outputFileListPaths = (
			);
			outputPaths = (
				"$(DERIVED_FILE_DIR)/Pods-Example-tvOS-checkManifestLockResult.txt",
			);
			runOnlyForDeploymentPostprocessing = 0;
			shellPath = /bin/sh;
			shellScript = "diff \"${PODS_PODFILE_DIR_PATH}/Podfile.lock\" \"${PODS_ROOT}/Manifest.lock\" > /dev/null\nif [ $? != 0 ] ; then\n    # print error to STDERR\n    echo \"error: The sandbox is not in sync with the Podfile.lock. Run 'pod install' or update your CocoaPods installation.\" >&2\n    exit 1\nfi\n# This output is used by Xcode 'outputs' to avoid re-running this script phase.\necho \"SUCCESS\" > \"${SCRIPT_OUTPUT_FILE_0}\"\n";
			showEnvVarsInLog = 0;
		};
		AF6137D6ED3029DB8AE98889 /* [CP] Embed Pods Frameworks */ = {
			isa = PBXShellScriptBuildPhase;
			buildActionMask = 2147483647;
			files = (
			);
			inputFileListPaths = (
				"${PODS_ROOT}/Target Support Files/Pods-Example/Pods-Example-frameworks-${CONFIGURATION}-input-files.xcfilelist",
			);
			name = "[CP] Embed Pods Frameworks";
			outputFileListPaths = (
				"${PODS_ROOT}/Target Support Files/Pods-Example/Pods-Example-frameworks-${CONFIGURATION}-output-files.xcfilelist",
			);
			runOnlyForDeploymentPostprocessing = 0;
			shellPath = /bin/sh;
			shellScript = "\"${PODS_ROOT}/Target Support Files/Pods-Example/Pods-Example-frameworks.sh\"\n";
			showEnvVarsInLog = 0;
		};
		DF76CE4A461FBE172E6B4FC6 /* [CP] Check Pods Manifest.lock */ = {
			isa = PBXShellScriptBuildPhase;
			buildActionMask = 2147483647;
			files = (
			);
			inputFileListPaths = (
			);
			inputPaths = (
				"${PODS_PODFILE_DIR_PATH}/Podfile.lock",
				"${PODS_ROOT}/Manifest.lock",
			);
			name = "[CP] Check Pods Manifest.lock";
			outputFileListPaths = (
			);
			outputPaths = (
				"$(DERIVED_FILE_DIR)/Pods-Example-checkManifestLockResult.txt",
			);
			runOnlyForDeploymentPostprocessing = 0;
			shellPath = /bin/sh;
			shellScript = "diff \"${PODS_PODFILE_DIR_PATH}/Podfile.lock\" \"${PODS_ROOT}/Manifest.lock\" > /dev/null\nif [ $? != 0 ] ; then\n    # print error to STDERR\n    echo \"error: The sandbox is not in sync with the Podfile.lock. Run 'pod install' or update your CocoaPods installation.\" >&2\n    exit 1\nfi\n# This output is used by Xcode 'outputs' to avoid re-running this script phase.\necho \"SUCCESS\" > \"${SCRIPT_OUTPUT_FILE_0}\"\n";
			showEnvVarsInLog = 0;
		};
/* End PBXShellScriptBuildPhase section */

/* Begin PBXSourcesBuildPhase section */
		F54E28F1255EAB4F001EFF95 /* Sources */ = {
			isa = PBXSourcesBuildPhase;
			buildActionMask = 2147483647;
			files = (
				F54E28FD255EAB4F001EFF95 /* ViewController.swift in Sources */,
				F54E28F9255EAB4F001EFF95 /* AppDelegate.swift in Sources */,
			);
			runOnlyForDeploymentPostprocessing = 0;
		};
		F57D2701255EF896000FB295 /* Sources */ = {
			isa = PBXSourcesBuildPhase;
			buildActionMask = 2147483647;
			files = (
				F57D270A255EF896000FB295 /* ViewController.swift in Sources */,
				F57D2708255EF896000FB295 /* AppDelegate.swift in Sources */,
			);
			runOnlyForDeploymentPostprocessing = 0;
		};
/* End PBXSourcesBuildPhase section */

/* Begin PBXVariantGroup section */
		F54E28FE255EAB4F001EFF95 /* Main.storyboard */ = {
			isa = PBXVariantGroup;
			children = (
				F54E28FF255EAB4F001EFF95 /* Base */,
			);
			name = Main.storyboard;
			sourceTree = "<group>";
		};
		F54E2903255EAB51001EFF95 /* LaunchScreen.storyboard */ = {
			isa = PBXVariantGroup;
			children = (
				F54E2904255EAB51001EFF95 /* Base */,
			);
			name = LaunchScreen.storyboard;
			sourceTree = "<group>";
		};
		F57D270B255EF896000FB295 /* Main.storyboard */ = {
			isa = PBXVariantGroup;
			children = (
				F57D270C255EF896000FB295 /* Base */,
			);
			name = Main.storyboard;
			sourceTree = "<group>";
		};
		F57D2710255EF897000FB295 /* LaunchScreen.storyboard */ = {
			isa = PBXVariantGroup;
			children = (
				F57D2711255EF897000FB295 /* Base */,
			);
			name = LaunchScreen.storyboard;
			sourceTree = "<group>";
		};
/* End PBXVariantGroup section */

/* Begin XCBuildConfiguration section */
		F54E2907255EAB51001EFF95 /* Debug */ = {
			isa = XCBuildConfiguration;
			buildSettings = {
				ALWAYS_SEARCH_USER_PATHS = NO;
				CLANG_ANALYZER_NONNULL = YES;
				CLANG_ANALYZER_NUMBER_OBJECT_CONVERSION = YES_AGGRESSIVE;
				CLANG_CXX_LANGUAGE_STANDARD = "gnu++14";
				CLANG_CXX_LIBRARY = "libc++";
				CLANG_ENABLE_MODULES = YES;
				CLANG_ENABLE_OBJC_ARC = YES;
				CLANG_ENABLE_OBJC_WEAK = YES;
				CLANG_WARN_BLOCK_CAPTURE_AUTORELEASING = YES;
				CLANG_WARN_BOOL_CONVERSION = YES;
				CLANG_WARN_COMMA = YES;
				CLANG_WARN_CONSTANT_CONVERSION = YES;
				CLANG_WARN_DEPRECATED_OBJC_IMPLEMENTATIONS = YES;
				CLANG_WARN_DIRECT_OBJC_ISA_USAGE = YES_ERROR;
				CLANG_WARN_DOCUMENTATION_COMMENTS = YES;
				CLANG_WARN_EMPTY_BODY = YES;
				CLANG_WARN_ENUM_CONVERSION = YES;
				CLANG_WARN_INFINITE_RECURSION = YES;
				CLANG_WARN_INT_CONVERSION = YES;
				CLANG_WARN_NON_LITERAL_NULL_CONVERSION = YES;
				CLANG_WARN_OBJC_IMPLICIT_RETAIN_SELF = YES;
				CLANG_WARN_OBJC_LITERAL_CONVERSION = YES;
				CLANG_WARN_OBJC_ROOT_CLASS = YES_ERROR;
				CLANG_WARN_RANGE_LOOP_ANALYSIS = YES;
				CLANG_WARN_STRICT_PROTOTYPES = YES;
				CLANG_WARN_SUSPICIOUS_MOVE = YES;
				CLANG_WARN_UNGUARDED_AVAILABILITY = YES_AGGRESSIVE;
				CLANG_WARN_UNREACHABLE_CODE = YES;
				CLANG_WARN__DUPLICATE_METHOD_MATCH = YES;
				COPY_PHASE_STRIP = NO;
				DEBUG_INFORMATION_FORMAT = dwarf;
				ENABLE_STRICT_OBJC_MSGSEND = YES;
				ENABLE_TESTABILITY = YES;
				FRAMEWORK_SEARCH_PATHS = "";
				GCC_C_LANGUAGE_STANDARD = gnu11;
				GCC_DYNAMIC_NO_PIC = NO;
				GCC_NO_COMMON_BLOCKS = YES;
				GCC_OPTIMIZATION_LEVEL = 0;
				GCC_PREPROCESSOR_DEFINITIONS = (
					"DEBUG=1",
					"$(inherited)",
				);
				GCC_WARN_64_TO_32_BIT_CONVERSION = YES;
				GCC_WARN_ABOUT_RETURN_TYPE = YES_ERROR;
				GCC_WARN_UNDECLARED_SELECTOR = YES;
				GCC_WARN_UNINITIALIZED_AUTOS = YES_AGGRESSIVE;
				GCC_WARN_UNUSED_FUNCTION = YES;
				GCC_WARN_UNUSED_VARIABLE = YES;
				IPHONEOS_DEPLOYMENT_TARGET = 9.0;
				MTL_ENABLE_DEBUG_INFO = INCLUDE_SOURCE;
				MTL_FAST_MATH = YES;
				ONLY_ACTIVE_ARCH = YES;
				SDKROOT = iphoneos;
				SWIFT_ACTIVE_COMPILATION_CONDITIONS = DEBUG;
				SWIFT_OPTIMIZATION_LEVEL = "-Onone";
			};
			name = Debug;
		};
		F54E2908255EAB51001EFF95 /* Release */ = {
			isa = XCBuildConfiguration;
			buildSettings = {
				ALWAYS_SEARCH_USER_PATHS = NO;
				CLANG_ANALYZER_NONNULL = YES;
				CLANG_ANALYZER_NUMBER_OBJECT_CONVERSION = YES_AGGRESSIVE;
				CLANG_CXX_LANGUAGE_STANDARD = "gnu++14";
				CLANG_CXX_LIBRARY = "libc++";
				CLANG_ENABLE_MODULES = YES;
				CLANG_ENABLE_OBJC_ARC = YES;
				CLANG_ENABLE_OBJC_WEAK = YES;
				CLANG_WARN_BLOCK_CAPTURE_AUTORELEASING = YES;
				CLANG_WARN_BOOL_CONVERSION = YES;
				CLANG_WARN_COMMA = YES;
				CLANG_WARN_CONSTANT_CONVERSION = YES;
				CLANG_WARN_DEPRECATED_OBJC_IMPLEMENTATIONS = YES;
				CLANG_WARN_DIRECT_OBJC_ISA_USAGE = YES_ERROR;
				CLANG_WARN_DOCUMENTATION_COMMENTS = YES;
				CLANG_WARN_EMPTY_BODY = YES;
				CLANG_WARN_ENUM_CONVERSION = YES;
				CLANG_WARN_INFINITE_RECURSION = YES;
				CLANG_WARN_INT_CONVERSION = YES;
				CLANG_WARN_NON_LITERAL_NULL_CONVERSION = YES;
				CLANG_WARN_OBJC_IMPLICIT_RETAIN_SELF = YES;
				CLANG_WARN_OBJC_LITERAL_CONVERSION = YES;
				CLANG_WARN_OBJC_ROOT_CLASS = YES_ERROR;
				CLANG_WARN_RANGE_LOOP_ANALYSIS = YES;
				CLANG_WARN_STRICT_PROTOTYPES = YES;
				CLANG_WARN_SUSPICIOUS_MOVE = YES;
				CLANG_WARN_UNGUARDED_AVAILABILITY = YES_AGGRESSIVE;
				CLANG_WARN_UNREACHABLE_CODE = YES;
				CLANG_WARN__DUPLICATE_METHOD_MATCH = YES;
				COPY_PHASE_STRIP = NO;
				DEBUG_INFORMATION_FORMAT = "dwarf-with-dsym";
				ENABLE_NS_ASSERTIONS = NO;
				ENABLE_STRICT_OBJC_MSGSEND = YES;
				FRAMEWORK_SEARCH_PATHS = "";
				GCC_C_LANGUAGE_STANDARD = gnu11;
				GCC_NO_COMMON_BLOCKS = YES;
				GCC_WARN_64_TO_32_BIT_CONVERSION = YES;
				GCC_WARN_ABOUT_RETURN_TYPE = YES_ERROR;
				GCC_WARN_UNDECLARED_SELECTOR = YES;
				GCC_WARN_UNINITIALIZED_AUTOS = YES_AGGRESSIVE;
				GCC_WARN_UNUSED_FUNCTION = YES;
				GCC_WARN_UNUSED_VARIABLE = YES;
				IPHONEOS_DEPLOYMENT_TARGET = 9.0;
				MTL_ENABLE_DEBUG_INFO = NO;
				MTL_FAST_MATH = YES;
				SDKROOT = iphoneos;
				SWIFT_COMPILATION_MODE = wholemodule;
				SWIFT_OPTIMIZATION_LEVEL = "-O";
				VALIDATE_PRODUCT = YES;
			};
			name = Release;
		};
		F54E290A255EAB51001EFF95 /* Debug */ = {
			isa = XCBuildConfiguration;
			baseConfigurationReference = 0489A82F69C4EDDBE7876121 /* Pods-Example.debug.xcconfig */;
			buildSettings = {
				ASSETCATALOG_COMPILER_APPICON_NAME = AppIcon;
				CODE_SIGN_STYLE = Automatic;
				DEVELOPMENT_TEAM = J49D843A48;
				FRAMEWORK_SEARCH_PATHS = (
					"$(inherited)",
					"\"${PODS_ROOT}/../../iOS\"",
				);
				INFOPLIST_FILE = Example/Info.plist;
				LD_RUNPATH_SEARCH_PATHS = (
					"$(inherited)",
					"@executable_path/Frameworks",
				);
				PRODUCT_BUNDLE_IDENTIFIER = fr.francetv.Example;
				PRODUCT_NAME = "$(TARGET_NAME)";
				SWIFT_VERSION = 5.0;
				TARGETED_DEVICE_FAMILY = "1,2";
			};
			name = Debug;
		};
		F54E290B255EAB51001EFF95 /* Release */ = {
			isa = XCBuildConfiguration;
			baseConfigurationReference = D1EF7EC76EFDA6D6E2B8A2F2 /* Pods-Example.release.xcconfig */;
			buildSettings = {
				ASSETCATALOG_COMPILER_APPICON_NAME = AppIcon;
				CODE_SIGN_STYLE = Automatic;
				DEVELOPMENT_TEAM = J49D843A48;
				FRAMEWORK_SEARCH_PATHS = (
					"$(inherited)",
					"\"${PODS_ROOT}/../../iOS\"",
				);
				INFOPLIST_FILE = Example/Info.plist;
				LD_RUNPATH_SEARCH_PATHS = (
					"$(inherited)",
					"@executable_path/Frameworks",
				);
				PRODUCT_BUNDLE_IDENTIFIER = fr.francetv.Example;
				PRODUCT_NAME = "$(TARGET_NAME)";
				SWIFT_VERSION = 5.0;
				TARGETED_DEVICE_FAMILY = "1,2";
			};
			name = Release;
		};
		F57D2714255EF897000FB295 /* Debug */ = {
			isa = XCBuildConfiguration;
			baseConfigurationReference = 8EF4562FC4FB2F6989F17E13 /* Pods-Example-tvOS.debug.xcconfig */;
			buildSettings = {
				ASSETCATALOG_COMPILER_APPICON_NAME = "App Icon & Top Shelf Image";
				CODE_SIGN_STYLE = Automatic;
				INFOPLIST_FILE = "Example-tvOS/Info.plist";
				LD_RUNPATH_SEARCH_PATHS = (
					"$(inherited)",
					"@executable_path/Frameworks",
				);
				PRODUCT_BUNDLE_IDENTIFIER = "fr.francetv.Example-tvOS";
				PRODUCT_NAME = "$(TARGET_NAME)";
				SDKROOT = appletvos;
				SWIFT_VERSION = 5.0;
				TARGETED_DEVICE_FAMILY = 3;
				TVOS_DEPLOYMENT_TARGET = 12.0;
			};
			name = Debug;
		};
		F57D2715255EF897000FB295 /* Release */ = {
			isa = XCBuildConfiguration;
			baseConfigurationReference = 230D125FF5B42D66C233B359 /* Pods-Example-tvOS.release.xcconfig */;
			buildSettings = {
				ASSETCATALOG_COMPILER_APPICON_NAME = "App Icon & Top Shelf Image";
				CODE_SIGN_STYLE = Automatic;
				INFOPLIST_FILE = "Example-tvOS/Info.plist";
				LD_RUNPATH_SEARCH_PATHS = (
					"$(inherited)",
					"@executable_path/Frameworks",
				);
				PRODUCT_BUNDLE_IDENTIFIER = "fr.francetv.Example-tvOS";
				PRODUCT_NAME = "$(TARGET_NAME)";
				SDKROOT = appletvos;
				SWIFT_VERSION = 5.0;
				TARGETED_DEVICE_FAMILY = 3;
				TVOS_DEPLOYMENT_TARGET = 12.0;
			};
			name = Release;
		};
/* End XCBuildConfiguration section */

/* Begin XCConfigurationList section */
		F54E28F0255EAB4F001EFF95 /* Build configuration list for PBXProject "Example" */ = {
			isa = XCConfigurationList;
			buildConfigurations = (
				F54E2907255EAB51001EFF95 /* Debug */,
				F54E2908255EAB51001EFF95 /* Release */,
			);
			defaultConfigurationIsVisible = 0;
			defaultConfigurationName = Release;
		};
		F54E2909255EAB51001EFF95 /* Build configuration list for PBXNativeTarget "Example" */ = {
			isa = XCConfigurationList;
			buildConfigurations = (
				F54E290A255EAB51001EFF95 /* Debug */,
				F54E290B255EAB51001EFF95 /* Release */,
			);
			defaultConfigurationIsVisible = 0;
			defaultConfigurationName = Release;
		};
		F57D2716255EF897000FB295 /* Build configuration list for PBXNativeTarget "Example-tvOS" */ = {
			isa = XCConfigurationList;
			buildConfigurations = (
				F57D2714255EF897000FB295 /* Debug */,
				F57D2715255EF897000FB295 /* Release */,
			);
			defaultConfigurationIsVisible = 0;
			defaultConfigurationName = Release;
		};
/* End XCConfigurationList section */
	};
	rootObject = F54E28ED255EAB4F001EFF95 /* Project object */;
}
